// !$*UTF8*$!
{
	archiveVersion = 1;
	classes = {
	};
	objectVersion = 56;
	objects = {

/* Begin PBXBuildFile section */
		9C271B6D2A019EF300E5DAC7 /* UIImageExtension.swift in Sources */ = {isa = PBXBuildFile; fileRef = 9C271B6C2A019EF300E5DAC7 /* UIImageExtension.swift */; };
		9C8A50F229FFE6C0008CA828 /* AppDelegate.swift in Sources */ = {isa = PBXBuildFile; fileRef = 9C8A50F129FFE6C0008CA828 /* AppDelegate.swift */; };
		9C8A50F429FFE6C0008CA828 /* SceneDelegate.swift in Sources */ = {isa = PBXBuildFile; fileRef = 9C8A50F329FFE6C0008CA828 /* SceneDelegate.swift */; };
		9C8A50F929FFE6C0008CA828 /* Main.storyboard in Resources */ = {isa = PBXBuildFile; fileRef = 9C8A50F729FFE6C0008CA828 /* Main.storyboard */; };
		9C8A50FC29FFE6C0008CA828 /* Comics.xcdatamodeld in Sources */ = {isa = PBXBuildFile; fileRef = 9C8A50FA29FFE6C0008CA828 /* Comics.xcdatamodeld */; };
		9C8A50FE29FFE6C3008CA828 /* Assets.xcassets in Resources */ = {isa = PBXBuildFile; fileRef = 9C8A50FD29FFE6C3008CA828 /* Assets.xcassets */; };
		9C8A510129FFE6C3008CA828 /* LaunchScreen.storyboard in Resources */ = {isa = PBXBuildFile; fileRef = 9C8A50FF29FFE6C3008CA828 /* LaunchScreen.storyboard */; };
		9C8A510C29FFE6C3008CA828 /* ComicsTests.swift in Sources */ = {isa = PBXBuildFile; fileRef = 9C8A510B29FFE6C3008CA828 /* ComicsTests.swift */; };
		9C8A511629FFE6C3008CA828 /* ComicsUITests.swift in Sources */ = {isa = PBXBuildFile; fileRef = 9C8A511529FFE6C3008CA828 /* ComicsUITests.swift */; };
		9C8A511829FFE6C3008CA828 /* ComicsUITestsLaunchTests.swift in Sources */ = {isa = PBXBuildFile; fileRef = 9C8A511729FFE6C3008CA828 /* ComicsUITestsLaunchTests.swift */; };
		9C8A512629FFE6F5008CA828 /* ComicsModel.swift in Sources */ = {isa = PBXBuildFile; fileRef = 9C8A512529FFE6F5008CA828 /* ComicsModel.swift */; };
		9C8A512A29FFECE0008CA828 /* ComicsView.swift in Sources */ = {isa = PBXBuildFile; fileRef = 9C8A512929FFECE0008CA828 /* ComicsView.swift */; };
		9C8A512C2A000C19008CA828 /* ViewController.swift in Sources */ = {isa = PBXBuildFile; fileRef = 9C8A512B2A000C19008CA828 /* ViewController.swift */; };
		9C8A512F2A002182008CA828 /* ComicsManager.swift in Sources */ = {isa = PBXBuildFile; fileRef = 9C8A512E2A002182008CA828 /* ComicsManager.swift */; };
		9CA9C1E62A1A4F0F007AFC12 /* FavoriteComicsList+CoreDataClass.swift in Sources */ = {isa = PBXBuildFile; fileRef = 9CA9C1E42A1A4F0F007AFC12 /* FavoriteComicsList+CoreDataClass.swift */; };
		9CA9C1E72A1A4F0F007AFC12 /* FavoriteComicsList+CoreDataProperties.swift in Sources */ = {isa = PBXBuildFile; fileRef = 9CA9C1E52A1A4F0F007AFC12 /* FavoriteComicsList+CoreDataProperties.swift */; };
		9CA9C1E92A1A50F8007AFC12 /* FavoriteComicsView.swift in Sources */ = {isa = PBXBuildFile; fileRef = 9CA9C1E82A1A50F8007AFC12 /* FavoriteComicsView.swift */; };
		9CA9C1EB2A1A54D9007AFC12 /* FavoriteComicsManager.swift in Sources */ = {isa = PBXBuildFile; fileRef = 9CA9C1EA2A1A54D8007AFC12 /* FavoriteComicsManager.swift */; };
/* End PBXBuildFile section */

/* Begin PBXContainerItemProxy section */
		9C8A510829FFE6C3008CA828 /* PBXContainerItemProxy */ = {
			isa = PBXContainerItemProxy;
			containerPortal = 9C8A50E629FFE6C0008CA828 /* Project object */;
			proxyType = 1;
			remoteGlobalIDString = 9C8A50ED29FFE6C0008CA828;
			remoteInfo = Comics;
		};
		9C8A511229FFE6C3008CA828 /* PBXContainerItemProxy */ = {
			isa = PBXContainerItemProxy;
			containerPortal = 9C8A50E629FFE6C0008CA828 /* Project object */;
			proxyType = 1;
			remoteGlobalIDString = 9C8A50ED29FFE6C0008CA828;
			remoteInfo = Comics;
		};
/* End PBXContainerItemProxy section */

/* Begin PBXFileReference section */
		9C271B6C2A019EF300E5DAC7 /* UIImageExtension.swift */ = {isa = PBXFileReference; lastKnownFileType = sourcecode.swift; path = UIImageExtension.swift; sourceTree = "<group>"; };
		9C8A50EE29FFE6C0008CA828 /* Comics.app */ = {isa = PBXFileReference; explicitFileType = wrapper.application; includeInIndex = 0; path = Comics.app; sourceTree = BUILT_PRODUCTS_DIR; };
		9C8A50F129FFE6C0008CA828 /* AppDelegate.swift */ = {isa = PBXFileReference; lastKnownFileType = sourcecode.swift; path = AppDelegate.swift; sourceTree = "<group>"; };
		9C8A50F329FFE6C0008CA828 /* SceneDelegate.swift */ = {isa = PBXFileReference; lastKnownFileType = sourcecode.swift; path = SceneDelegate.swift; sourceTree = "<group>"; };
		9C8A50F829FFE6C0008CA828 /* Base */ = {isa = PBXFileReference; lastKnownFileType = file.storyboard; name = Base; path = Base.lproj/Main.storyboard; sourceTree = "<group>"; };
		9C8A50FB29FFE6C0008CA828 /* Comics.xcdatamodel */ = {isa = PBXFileReference; lastKnownFileType = wrapper.xcdatamodel; path = Comics.xcdatamodel; sourceTree = "<group>"; };
		9C8A50FD29FFE6C3008CA828 /* Assets.xcassets */ = {isa = PBXFileReference; lastKnownFileType = folder.assetcatalog; path = Assets.xcassets; sourceTree = "<group>"; };
		9C8A510029FFE6C3008CA828 /* Base */ = {isa = PBXFileReference; lastKnownFileType = file.storyboard; name = Base; path = Base.lproj/LaunchScreen.storyboard; sourceTree = "<group>"; };
		9C8A510229FFE6C3008CA828 /* Info.plist */ = {isa = PBXFileReference; lastKnownFileType = text.plist.xml; path = Info.plist; sourceTree = "<group>"; };
		9C8A510729FFE6C3008CA828 /* ComicsTests.xctest */ = {isa = PBXFileReference; explicitFileType = wrapper.cfbundle; includeInIndex = 0; path = ComicsTests.xctest; sourceTree = BUILT_PRODUCTS_DIR; };
		9C8A510B29FFE6C3008CA828 /* ComicsTests.swift */ = {isa = PBXFileReference; lastKnownFileType = sourcecode.swift; path = ComicsTests.swift; sourceTree = "<group>"; };
		9C8A511129FFE6C3008CA828 /* ComicsUITests.xctest */ = {isa = PBXFileReference; explicitFileType = wrapper.cfbundle; includeInIndex = 0; path = ComicsUITests.xctest; sourceTree = BUILT_PRODUCTS_DIR; };
		9C8A511529FFE6C3008CA828 /* ComicsUITests.swift */ = {isa = PBXFileReference; lastKnownFileType = sourcecode.swift; path = ComicsUITests.swift; sourceTree = "<group>"; };
		9C8A511729FFE6C3008CA828 /* ComicsUITestsLaunchTests.swift */ = {isa = PBXFileReference; lastKnownFileType = sourcecode.swift; path = ComicsUITestsLaunchTests.swift; sourceTree = "<group>"; };
		9C8A512529FFE6F5008CA828 /* ComicsModel.swift */ = {isa = PBXFileReference; lastKnownFileType = sourcecode.swift; path = ComicsModel.swift; sourceTree = "<group>"; };
		9C8A512929FFECE0008CA828 /* ComicsView.swift */ = {isa = PBXFileReference; lastKnownFileType = sourcecode.swift; path = ComicsView.swift; sourceTree = "<group>"; };
		9C8A512B2A000C19008CA828 /* ViewController.swift */ = {isa = PBXFileReference; lastKnownFileType = sourcecode.swift; path = ViewController.swift; sourceTree = "<group>"; };
		9C8A512E2A002182008CA828 /* ComicsManager.swift */ = {isa = PBXFileReference; lastKnownFileType = sourcecode.swift; path = ComicsManager.swift; sourceTree = "<group>"; };
		9CA9C1E42A1A4F0F007AFC12 /* FavoriteComicsList+CoreDataClass.swift */ = {isa = PBXFileReference; lastKnownFileType = sourcecode.swift; path = "FavoriteComicsList+CoreDataClass.swift"; sourceTree = "<group>"; };
		9CA9C1E52A1A4F0F007AFC12 /* FavoriteComicsList+CoreDataProperties.swift */ = {isa = PBXFileReference; lastKnownFileType = sourcecode.swift; path = "FavoriteComicsList+CoreDataProperties.swift"; sourceTree = "<group>"; };
		9CA9C1E82A1A50F8007AFC12 /* FavoriteComicsView.swift */ = {isa = PBXFileReference; lastKnownFileType = sourcecode.swift; path = FavoriteComicsView.swift; sourceTree = "<group>"; };
		9CA9C1EA2A1A54D8007AFC12 /* FavoriteComicsManager.swift */ = {isa = PBXFileReference; lastKnownFileType = sourcecode.swift; path = FavoriteComicsManager.swift; sourceTree = "<group>"; };
/* End PBXFileReference section */

/* Begin PBXFrameworksBuildPhase section */
		9C8A50EB29FFE6C0008CA828 /* Frameworks */ = {
			isa = PBXFrameworksBuildPhase;
			buildActionMask = 2147483647;
			files = (
			);
			runOnlyForDeploymentPostprocessing = 0;
		};
		9C8A510429FFE6C3008CA828 /* Frameworks */ = {
			isa = PBXFrameworksBuildPhase;
			buildActionMask = 2147483647;
			files = (
			);
			runOnlyForDeploymentPostprocessing = 0;
		};
		9C8A510E29FFE6C3008CA828 /* Frameworks */ = {
			isa = PBXFrameworksBuildPhase;
			buildActionMask = 2147483647;
			files = (
			);
			runOnlyForDeploymentPostprocessing = 0;
		};
/* End PBXFrameworksBuildPhase section */

/* Begin PBXGroup section */
		9C271B6B2A019EA300E5DAC7 /* Extensions */ = {
			isa = PBXGroup;
			children = (
				9C271B6C2A019EF300E5DAC7 /* UIImageExtension.swift */,
			);
			path = Extensions;
			sourceTree = "<group>";
		};
		9C8A50E529FFE6C0008CA828 = {
			isa = PBXGroup;
			children = (
				9C8A50F029FFE6C0008CA828 /* Comics */,
				9C8A510A29FFE6C3008CA828 /* ComicsTests */,
				9C8A511429FFE6C3008CA828 /* ComicsUITests */,
				9C8A50EF29FFE6C0008CA828 /* Products */,
			);
			sourceTree = "<group>";
		};
		9C8A50EF29FFE6C0008CA828 /* Products */ = {
			isa = PBXGroup;
			children = (
				9C8A50EE29FFE6C0008CA828 /* Comics.app */,
				9C8A510729FFE6C3008CA828 /* ComicsTests.xctest */,
				9C8A511129FFE6C3008CA828 /* ComicsUITests.xctest */,
			);
			name = Products;
			sourceTree = "<group>";
		};
		9C8A50F029FFE6C0008CA828 /* Comics */ = {
			isa = PBXGroup;
			children = (
				9CA9C1E32A1A495D007AFC12 /* Data */,
				9C8A512D2A001B87008CA828 /* Network */,
				9C271B6B2A019EA300E5DAC7 /* Extensions */,
				9C8A512829FFECCF008CA828 /* Views */,
				9C8A512429FFE6CE008CA828 /* Model */,
				9C8A50F129FFE6C0008CA828 /* AppDelegate.swift */,
				9C8A50F329FFE6C0008CA828 /* SceneDelegate.swift */,
				9C8A512B2A000C19008CA828 /* ViewController.swift */,
				9C8A50F729FFE6C0008CA828 /* Main.storyboard */,
				9C8A50FD29FFE6C3008CA828 /* Assets.xcassets */,
				9C8A50FF29FFE6C3008CA828 /* LaunchScreen.storyboard */,
				9C8A510229FFE6C3008CA828 /* Info.plist */,
			);
			path = Comics;
			sourceTree = "<group>";
		};
		9C8A510A29FFE6C3008CA828 /* ComicsTests */ = {
			isa = PBXGroup;
			children = (
				9C8A510B29FFE6C3008CA828 /* ComicsTests.swift */,
			);
			path = ComicsTests;
			sourceTree = "<group>";
		};
		9C8A511429FFE6C3008CA828 /* ComicsUITests */ = {
			isa = PBXGroup;
			children = (
				9C8A511529FFE6C3008CA828 /* ComicsUITests.swift */,
				9C8A511729FFE6C3008CA828 /* ComicsUITestsLaunchTests.swift */,
			);
			path = ComicsUITests;
			sourceTree = "<group>";
		};
		9C8A512429FFE6CE008CA828 /* Model */ = {
			isa = PBXGroup;
			children = (
				9C8A512529FFE6F5008CA828 /* ComicsModel.swift */,
			);
			path = Model;
			sourceTree = "<group>";
		};
		9C8A512829FFECCF008CA828 /* Views */ = {
			isa = PBXGroup;
			children = (
				9C8A512929FFECE0008CA828 /* ComicsView.swift */,
				9CA9C1E82A1A50F8007AFC12 /* FavoriteComicsView.swift */,
			);
			path = Views;
			sourceTree = "<group>";
		};
		9C8A512D2A001B87008CA828 /* Network */ = {
			isa = PBXGroup;
			children = (
				9C8A512E2A002182008CA828 /* ComicsManager.swift */,
				9CA9C1EA2A1A54D8007AFC12 /* FavoriteComicsManager.swift */,
			);
			path = Network;
			sourceTree = "<group>";
		};
		9CA9C1E32A1A495D007AFC12 /* Data */ = {
			isa = PBXGroup;
			children = (
				9CA9C1E42A1A4F0F007AFC12 /* FavoriteComicsList+CoreDataClass.swift */,
				9CA9C1E52A1A4F0F007AFC12 /* FavoriteComicsList+CoreDataProperties.swift */,
				9C8A50FA29FFE6C0008CA828 /* Comics.xcdatamodeld */,
			);
			path = Data;
			sourceTree = "<group>";
		};
/* End PBXGroup section */

/* Begin PBXNativeTarget section */
		9C8A50ED29FFE6C0008CA828 /* Comics */ = {
			isa = PBXNativeTarget;
			buildConfigurationList = 9C8A511B29FFE6C3008CA828 /* Build configuration list for PBXNativeTarget "Comics" */;
			buildPhases = (
				9C8A50EA29FFE6C0008CA828 /* Sources */,
				9C8A50EB29FFE6C0008CA828 /* Frameworks */,
				9C8A50EC29FFE6C0008CA828 /* Resources */,
			);
			buildRules = (
			);
			dependencies = (
			);
			name = Comics;
			productName = Comics;
			productReference = 9C8A50EE29FFE6C0008CA828 /* Comics.app */;
			productType = "com.apple.product-type.application";
		};
		9C8A510629FFE6C3008CA828 /* ComicsTests */ = {
			isa = PBXNativeTarget;
			buildConfigurationList = 9C8A511E29FFE6C3008CA828 /* Build configuration list for PBXNativeTarget "ComicsTests" */;
			buildPhases = (
				9C8A510329FFE6C3008CA828 /* Sources */,
				9C8A510429FFE6C3008CA828 /* Frameworks */,
				9C8A510529FFE6C3008CA828 /* Resources */,
			);
			buildRules = (
			);
			dependencies = (
				9C8A510929FFE6C3008CA828 /* PBXTargetDependency */,
			);
			name = ComicsTests;
			productName = ComicsTests;
			productReference = 9C8A510729FFE6C3008CA828 /* ComicsTests.xctest */;
			productType = "com.apple.product-type.bundle.unit-test";
		};
		9C8A511029FFE6C3008CA828 /* ComicsUITests */ = {
			isa = PBXNativeTarget;
			buildConfigurationList = 9C8A512129FFE6C3008CA828 /* Build configuration list for PBXNativeTarget "ComicsUITests" */;
			buildPhases = (
				9C8A510D29FFE6C3008CA828 /* Sources */,
				9C8A510E29FFE6C3008CA828 /* Frameworks */,
				9C8A510F29FFE6C3008CA828 /* Resources */,
			);
			buildRules = (
			);
			dependencies = (
				9C8A511329FFE6C3008CA828 /* PBXTargetDependency */,
			);
			name = ComicsUITests;
			productName = ComicsUITests;
			productReference = 9C8A511129FFE6C3008CA828 /* ComicsUITests.xctest */;
			productType = "com.apple.product-type.bundle.ui-testing";
		};
/* End PBXNativeTarget section */

/* Begin PBXProject section */
		9C8A50E629FFE6C0008CA828 /* Project object */ = {
			isa = PBXProject;
			attributes = {
				BuildIndependentTargetsInParallel = 1;
				LastSwiftUpdateCheck = 1420;
				LastUpgradeCheck = 1420;
				TargetAttributes = {
					9C8A50ED29FFE6C0008CA828 = {
						CreatedOnToolsVersion = 14.2;
					};
					9C8A510629FFE6C3008CA828 = {
						CreatedOnToolsVersion = 14.2;
						TestTargetID = 9C8A50ED29FFE6C0008CA828;
					};
					9C8A511029FFE6C3008CA828 = {
						CreatedOnToolsVersion = 14.2;
						TestTargetID = 9C8A50ED29FFE6C0008CA828;
					};
				};
			};
			buildConfigurationList = 9C8A50E929FFE6C0008CA828 /* Build configuration list for PBXProject "Comics" */;
			compatibilityVersion = "Xcode 14.0";
			developmentRegion = en;
			hasScannedForEncodings = 0;
			knownRegions = (
				en,
				Base,
			);
			mainGroup = 9C8A50E529FFE6C0008CA828;
			productRefGroup = 9C8A50EF29FFE6C0008CA828 /* Products */;
			projectDirPath = "";
			projectRoot = "";
			targets = (
				9C8A50ED29FFE6C0008CA828 /* Comics */,
				9C8A510629FFE6C3008CA828 /* ComicsTests */,
				9C8A511029FFE6C3008CA828 /* ComicsUITests */,
			);
		};
/* End PBXProject section */

/* Begin PBXResourcesBuildPhase section */
		9C8A50EC29FFE6C0008CA828 /* Resources */ = {
			isa = PBXResourcesBuildPhase;
			buildActionMask = 2147483647;
			files = (
				9C8A510129FFE6C3008CA828 /* LaunchScreen.storyboard in Resources */,
				9C8A50FE29FFE6C3008CA828 /* Assets.xcassets in Resources */,
				9C8A50F929FFE6C0008CA828 /* Main.storyboard in Resources */,
			);
			runOnlyForDeploymentPostprocessing = 0;
		};
		9C8A510529FFE6C3008CA828 /* Resources */ = {
			isa = PBXResourcesBuildPhase;
			buildActionMask = 2147483647;
			files = (
			);
			runOnlyForDeploymentPostprocessing = 0;
		};
		9C8A510F29FFE6C3008CA828 /* Resources */ = {
			isa = PBXResourcesBuildPhase;
			buildActionMask = 2147483647;
			files = (
			);
			runOnlyForDeploymentPostprocessing = 0;
		};
/* End PBXResourcesBuildPhase section */

/* Begin PBXSourcesBuildPhase section */
		9C8A50EA29FFE6C0008CA828 /* Sources */ = {
			isa = PBXSourcesBuildPhase;
			buildActionMask = 2147483647;
			files = (
				9C8A512C2A000C19008CA828 /* ViewController.swift in Sources */,
				9CA9C1E72A1A4F0F007AFC12 /* FavoriteComicsList+CoreDataProperties.swift in Sources */,
				9C8A512A29FFECE0008CA828 /* ComicsView.swift in Sources */,
				9C8A50FC29FFE6C0008CA828 /* Comics.xcdatamodeld in Sources */,
				9CA9C1E62A1A4F0F007AFC12 /* FavoriteComicsList+CoreDataClass.swift in Sources */,
				9C8A512F2A002182008CA828 /* ComicsManager.swift in Sources */,
				9C8A50F229FFE6C0008CA828 /* AppDelegate.swift in Sources */,
				9C8A50F429FFE6C0008CA828 /* SceneDelegate.swift in Sources */,
				9CA9C1E92A1A50F8007AFC12 /* FavoriteComicsView.swift in Sources */,
				9C8A512629FFE6F5008CA828 /* ComicsModel.swift in Sources */,
				9C271B6D2A019EF300E5DAC7 /* UIImageExtension.swift in Sources */,
				9CA9C1EB2A1A54D9007AFC12 /* FavoriteComicsManager.swift in Sources */,
			);
			runOnlyForDeploymentPostprocessing = 0;
		};
		9C8A510329FFE6C3008CA828 /* Sources */ = {
			isa = PBXSourcesBuildPhase;
			buildActionMask = 2147483647;
			files = (
				9C8A510C29FFE6C3008CA828 /* ComicsTests.swift in Sources */,
			);
			runOnlyForDeploymentPostprocessing = 0;
		};
		9C8A510D29FFE6C3008CA828 /* Sources */ = {
			isa = PBXSourcesBuildPhase;
			buildActionMask = 2147483647;
			files = (
				9C8A511829FFE6C3008CA828 /* ComicsUITestsLaunchTests.swift in Sources */,
				9C8A511629FFE6C3008CA828 /* ComicsUITests.swift in Sources */,
			);
			runOnlyForDeploymentPostprocessing = 0;
		};
/* End PBXSourcesBuildPhase section */

/* Begin PBXTargetDependency section */
		9C8A510929FFE6C3008CA828 /* PBXTargetDependency */ = {
			isa = PBXTargetDependency;
			target = 9C8A50ED29FFE6C0008CA828 /* Comics */;
			targetProxy = 9C8A510829FFE6C3008CA828 /* PBXContainerItemProxy */;
		};
		9C8A511329FFE6C3008CA828 /* PBXTargetDependency */ = {
			isa = PBXTargetDependency;
			target = 9C8A50ED29FFE6C0008CA828 /* Comics */;
			targetProxy = 9C8A511229FFE6C3008CA828 /* PBXContainerItemProxy */;
		};
/* End PBXTargetDependency section */

/* Begin PBXVariantGroup section */
		9C8A50F729FFE6C0008CA828 /* Main.storyboard */ = {
			isa = PBXVariantGroup;
			children = (
				9C8A50F829FFE6C0008CA828 /* Base */,
			);
			name = Main.storyboard;
			sourceTree = "<group>";
		};
		9C8A50FF29FFE6C3008CA828 /* LaunchScreen.storyboard */ = {
			isa = PBXVariantGroup;
			children = (
				9C8A510029FFE6C3008CA828 /* Base */,
			);
			name = LaunchScreen.storyboard;
			sourceTree = "<group>";
		};
/* End PBXVariantGroup section */

/* Begin XCBuildConfiguration section */
		9C8A511929FFE6C3008CA828 /* Debug */ = {
			isa = XCBuildConfiguration;
			buildSettings = {
				ALWAYS_SEARCH_USER_PATHS = NO;
				CLANG_ANALYZER_NONNULL = YES;
				CLANG_ANALYZER_NUMBER_OBJECT_CONVERSION = YES_AGGRESSIVE;
				CLANG_CXX_LANGUAGE_STANDARD = "gnu++20";
				CLANG_ENABLE_MODULES = YES;
				CLANG_ENABLE_OBJC_ARC = YES;
				CLANG_ENABLE_OBJC_WEAK = YES;
				CLANG_WARN_BLOCK_CAPTURE_AUTORELEASING = YES;
				CLANG_WARN_BOOL_CONVERSION = YES;
				CLANG_WARN_COMMA = YES;
				CLANG_WARN_CONSTANT_CONVERSION = YES;
				CLANG_WARN_DEPRECATED_OBJC_IMPLEMENTATIONS = YES;
				CLANG_WARN_DIRECT_OBJC_ISA_USAGE = YES_ERROR;
				CLANG_WARN_DOCUMENTATION_COMMENTS = YES;
				CLANG_WARN_EMPTY_BODY = YES;
				CLANG_WARN_ENUM_CONVERSION = YES;
				CLANG_WARN_INFINITE_RECURSION = YES;
				CLANG_WARN_INT_CONVERSION = YES;
				CLANG_WARN_NON_LITERAL_NULL_CONVERSION = YES;
				CLANG_WARN_OBJC_IMPLICIT_RETAIN_SELF = YES;
				CLANG_WARN_OBJC_LITERAL_CONVERSION = YES;
				CLANG_WARN_OBJC_ROOT_CLASS = YES_ERROR;
				CLANG_WARN_QUOTED_INCLUDE_IN_FRAMEWORK_HEADER = YES;
				CLANG_WARN_RANGE_LOOP_ANALYSIS = YES;
				CLANG_WARN_STRICT_PROTOTYPES = YES;
				CLANG_WARN_SUSPICIOUS_MOVE = YES;
				CLANG_WARN_UNGUARDED_AVAILABILITY = YES_AGGRESSIVE;
				CLANG_WARN_UNREACHABLE_CODE = YES;
				CLANG_WARN__DUPLICATE_METHOD_MATCH = YES;
				COPY_PHASE_STRIP = NO;
				DEBUG_INFORMATION_FORMAT = dwarf;
				ENABLE_STRICT_OBJC_MSGSEND = YES;
				ENABLE_TESTABILITY = YES;
				GCC_C_LANGUAGE_STANDARD = gnu11;
				GCC_DYNAMIC_NO_PIC = NO;
				GCC_NO_COMMON_BLOCKS = YES;
				GCC_OPTIMIZATION_LEVEL = 0;
				GCC_PREPROCESSOR_DEFINITIONS = (
					"DEBUG=1",
					"$(inherited)",
				);
				GCC_WARN_64_TO_32_BIT_CONVERSION = YES;
				GCC_WARN_ABOUT_RETURN_TYPE = YES_ERROR;
				GCC_WARN_UNDECLARED_SELECTOR = YES;
				GCC_WARN_UNINITIALIZED_AUTOS = YES_AGGRESSIVE;
				GCC_WARN_UNUSED_FUNCTION = YES;
				GCC_WARN_UNUSED_VARIABLE = YES;
				IPHONEOS_DEPLOYMENT_TARGET = 16.2;
				MTL_ENABLE_DEBUG_INFO = INCLUDE_SOURCE;
				MTL_FAST_MATH = YES;
				ONLY_ACTIVE_ARCH = YES;
				SDKROOT = iphoneos;
				SWIFT_ACTIVE_COMPILATION_CONDITIONS = DEBUG;
				SWIFT_OPTIMIZATION_LEVEL = "-Onone";
			};
			name = Debug;
		};
		9C8A511A29FFE6C3008CA828 /* Release */ = {
			isa = XCBuildConfiguration;
			buildSettings = {
				ALWAYS_SEARCH_USER_PATHS = NO;
				CLANG_ANALYZER_NONNULL = YES;
				CLANG_ANALYZER_NUMBER_OBJECT_CONVERSION = YES_AGGRESSIVE;
				CLANG_CXX_LANGUAGE_STANDARD = "gnu++20";
				CLANG_ENABLE_MODULES = YES;
				CLANG_ENABLE_OBJC_ARC = YES;
				CLANG_ENABLE_OBJC_WEAK = YES;
				CLANG_WARN_BLOCK_CAPTURE_AUTORELEASING = YES;
				CLANG_WARN_BOOL_CONVERSION = YES;
				CLANG_WARN_COMMA = YES;
				CLANG_WARN_CONSTANT_CONVERSION = YES;
				CLANG_WARN_DEPRECATED_OBJC_IMPLEMENTATIONS = YES;
				CLANG_WARN_DIRECT_OBJC_ISA_USAGE = YES_ERROR;
				CLANG_WARN_DOCUMENTATION_COMMENTS = YES;
				CLANG_WARN_EMPTY_BODY = YES;
				CLANG_WARN_ENUM_CONVERSION = YES;
				CLANG_WARN_INFINITE_RECURSION = YES;
				CLANG_WARN_INT_CONVERSION = YES;
				CLANG_WARN_NON_LITERAL_NULL_CONVERSION = YES;
				CLANG_WARN_OBJC_IMPLICIT_RETAIN_SELF = YES;
				CLANG_WARN_OBJC_LITERAL_CONVERSION = YES;
				CLANG_WARN_OBJC_ROOT_CLASS = YES_ERROR;
				CLANG_WARN_QUOTED_INCLUDE_IN_FRAMEWORK_HEADER = YES;
				CLANG_WARN_RANGE_LOOP_ANALYSIS = YES;
				CLANG_WARN_STRICT_PROTOTYPES = YES;
				CLANG_WARN_SUSPICIOUS_MOVE = YES;
				CLANG_WARN_UNGUARDED_AVAILABILITY = YES_AGGRESSIVE;
				CLANG_WARN_UNREACHABLE_CODE = YES;
				CLANG_WARN__DUPLICATE_METHOD_MATCH = YES;
				COPY_PHASE_STRIP = NO;
				DEBUG_INFORMATION_FORMAT = "dwarf-with-dsym";
				ENABLE_NS_ASSERTIONS = NO;
				ENABLE_STRICT_OBJC_MSGSEND = YES;
				GCC_C_LANGUAGE_STANDARD = gnu11;
				GCC_NO_COMMON_BLOCKS = YES;
				GCC_WARN_64_TO_32_BIT_CONVERSION = YES;
				GCC_WARN_ABOUT_RETURN_TYPE = YES_ERROR;
				GCC_WARN_UNDECLARED_SELECTOR = YES;
				GCC_WARN_UNINITIALIZED_AUTOS = YES_AGGRESSIVE;
				GCC_WARN_UNUSED_FUNCTION = YES;
				GCC_WARN_UNUSED_VARIABLE = YES;
				IPHONEOS_DEPLOYMENT_TARGET = 16.2;
				MTL_ENABLE_DEBUG_INFO = NO;
				MTL_FAST_MATH = YES;
				SDKROOT = iphoneos;
				SWIFT_COMPILATION_MODE = wholemodule;
				SWIFT_OPTIMIZATION_LEVEL = "-O";
				VALIDATE_PRODUCT = YES;
			};
			name = Release;
		};
		9C8A511C29FFE6C3008CA828 /* Debug */ = {
			isa = XCBuildConfiguration;
			buildSettings = {
				ASSETCATALOG_COMPILER_APPICON_NAME = AppIcon;
				ASSETCATALOG_COMPILER_GLOBAL_ACCENT_COLOR_NAME = AccentColor;
				CODE_SIGN_STYLE = Automatic;
				CURRENT_PROJECT_VERSION = 1;
				DEVELOPMENT_TEAM = SD299D46ZY;
				GENERATE_INFOPLIST_FILE = YES;
				INFOPLIST_FILE = Comics/Info.plist;
				INFOPLIST_KEY_UIApplicationSupportsIndirectInputEvents = YES;
				INFOPLIST_KEY_UILaunchStoryboardName = LaunchScreen;
				INFOPLIST_KEY_UIMainStoryboardFile = Main;
				INFOPLIST_KEY_UISupportedInterfaceOrientations_iPad = "UIInterfaceOrientationPortrait UIInterfaceOrientationPortraitUpsideDown UIInterfaceOrientationLandscapeLeft UIInterfaceOrientationLandscapeRight";
				INFOPLIST_KEY_UISupportedInterfaceOrientations_iPhone = "UIInterfaceOrientationPortrait UIInterfaceOrientationLandscapeLeft UIInterfaceOrientationLandscapeRight";
				LD_RUNPATH_SEARCH_PATHS = (
					"$(inherited)",
					"@executable_path/Frameworks",
				);
				MARKETING_VERSION = 1.0;
				PRODUCT_BUNDLE_IDENTIFIER = com.comics.Comics;
				PRODUCT_NAME = "$(TARGET_NAME)";
				SWIFT_EMIT_LOC_STRINGS = YES;
				SWIFT_VERSION = 5.0;
				TARGETED_DEVICE_FAMILY = "1,2";
			};
			name = Debug;
		};
		9C8A511D29FFE6C3008CA828 /* Release */ = {
			isa = XCBuildConfiguration;
			buildSettings = {
				ASSETCATALOG_COMPILER_APPICON_NAME = AppIcon;
				ASSETCATALOG_COMPILER_GLOBAL_ACCENT_COLOR_NAME = AccentColor;
				CODE_SIGN_STYLE = Automatic;
				CURRENT_PROJECT_VERSION = 1;
				DEVELOPMENT_TEAM = SD299D46ZY;
				GENERATE_INFOPLIST_FILE = YES;
				INFOPLIST_FILE = Comics/Info.plist;
				INFOPLIST_KEY_UIApplicationSupportsIndirectInputEvents = YES;
				INFOPLIST_KEY_UILaunchStoryboardName = LaunchScreen;
				INFOPLIST_KEY_UIMainStoryboardFile = Main;
				INFOPLIST_KEY_UISupportedInterfaceOrientations_iPad = "UIInterfaceOrientationPortrait UIInterfaceOrientationPortraitUpsideDown UIInterfaceOrientationLandscapeLeft UIInterfaceOrientationLandscapeRight";
				INFOPLIST_KEY_UISupportedInterfaceOrientations_iPhone = "UIInterfaceOrientationPortrait UIInterfaceOrientationLandscapeLeft UIInterfaceOrientationLandscapeRight";
				LD_RUNPATH_SEARCH_PATHS = (
					"$(inherited)",
					"@executable_path/Frameworks",
				);
				MARKETING_VERSION = 1.0;
				PRODUCT_BUNDLE_IDENTIFIER = com.comics.Comics;
				PRODUCT_NAME = "$(TARGET_NAME)";
				SWIFT_EMIT_LOC_STRINGS = YES;
				SWIFT_VERSION = 5.0;
				TARGETED_DEVICE_FAMILY = "1,2";
			};
			name = Release;
		};
		9C8A511F29FFE6C3008CA828 /* Debug */ = {
			isa = XCBuildConfiguration;
			buildSettings = {
				ALWAYS_EMBED_SWIFT_STANDARD_LIBRARIES = YES;
				BUNDLE_LOADER = "$(TEST_HOST)";
				CODE_SIGN_STYLE = Automatic;
				CURRENT_PROJECT_VERSION = 1;
				DEVELOPMENT_TEAM = SD299D46ZY;
				GENERATE_INFOPLIST_FILE = YES;
				IPHONEOS_DEPLOYMENT_TARGET = 16.2;
				MARKETING_VERSION = 1.0;
				PRODUCT_BUNDLE_IDENTIFIER = com.comics.ComicsTests;
				PRODUCT_NAME = "$(TARGET_NAME)";
				SWIFT_EMIT_LOC_STRINGS = NO;
				SWIFT_VERSION = 5.0;
				TARGETED_DEVICE_FAMILY = "1,2";
				TEST_HOST = "$(BUILT_PRODUCTS_DIR)/Comics.app/$(BUNDLE_EXECUTABLE_FOLDER_PATH)/Comics";
			};
			name = Debug;
		};
		9C8A512029FFE6C3008CA828 /* Release */ = {
			isa = XCBuildConfiguration;
			buildSettings = {
				ALWAYS_EMBED_SWIFT_STANDARD_LIBRARIES = YES;
				BUNDLE_LOADER = "$(TEST_HOST)";
				CODE_SIGN_STYLE = Automatic;
				CURRENT_PROJECT_VERSION = 1;
				DEVELOPMENT_TEAM = SD299D46ZY;
				GENERATE_INFOPLIST_FILE = YES;
				IPHONEOS_DEPLOYMENT_TARGET = 16.2;
				MARKETING_VERSION = 1.0;
				PRODUCT_BUNDLE_IDENTIFIER = com.comics.ComicsTests;
				PRODUCT_NAME = "$(TARGET_NAME)";
				SWIFT_EMIT_LOC_STRINGS = NO;
				SWIFT_VERSION = 5.0;
				TARGETED_DEVICE_FAMILY = "1,2";
				TEST_HOST = "$(BUILT_PRODUCTS_DIR)/Comics.app/$(BUNDLE_EXECUTABLE_FOLDER_PATH)/Comics";
			};
			name = Release;
		};
		9C8A512229FFE6C3008CA828 /* Debug */ = {
			isa = XCBuildConfiguration;
			buildSettings = {
				ALWAYS_EMBED_SWIFT_STANDARD_LIBRARIES = YES;
				CODE_SIGN_STYLE = Automatic;
				CURRENT_PROJECT_VERSION = 1;
				DEVELOPMENT_TEAM = SD299D46ZY;
				GENERATE_INFOPLIST_FILE = YES;
				MARKETING_VERSION = 1.0;
				PRODUCT_BUNDLE_IDENTIFIER = com.comics.ComicsUITests;
				PRODUCT_NAME = "$(TARGET_NAME)";
				SWIFT_EMIT_LOC_STRINGS = NO;
				SWIFT_VERSION = 5.0;
				TARGETED_DEVICE_FAMILY = "1,2";
				TEST_TARGET_NAME = Comics;
			};
			name = Debug;
		};
		9C8A512329FFE6C3008CA828 /* Release */ = {
			isa = XCBuildConfiguration;
			buildSettings = {
				ALWAYS_EMBED_SWIFT_STANDARD_LIBRARIES = YES;
				CODE_SIGN_STYLE = Automatic;
				CURRENT_PROJECT_VERSION = 1;
				DEVELOPMENT_TEAM = SD299D46ZY;
				GENERATE_INFOPLIST_FILE = YES;
				MARKETING_VERSION = 1.0;
				PRODUCT_BUNDLE_IDENTIFIER = com.comics.ComicsUITests;
				PRODUCT_NAME = "$(TARGET_NAME)";
				SWIFT_EMIT_LOC_STRINGS = NO;
				SWIFT_VERSION = 5.0;
				TARGETED_DEVICE_FAMILY = "1,2";
				TEST_TARGET_NAME = Comics;
			};
			name = Release;
		};
/* End XCBuildConfiguration section */

/* Begin XCConfigurationList section */
		9C8A50E929FFE6C0008CA828 /* Build configuration list for PBXProject "Comics" */ = {
			isa = XCConfigurationList;
			buildConfigurations = (
				9C8A511929FFE6C3008CA828 /* Debug */,
				9C8A511A29FFE6C3008CA828 /* Release */,
			);
			defaultConfigurationIsVisible = 0;
			defaultConfigurationName = Release;
		};
		9C8A511B29FFE6C3008CA828 /* Build configuration list for PBXNativeTarget "Comics" */ = {
			isa = XCConfigurationList;
			buildConfigurations = (
				9C8A511C29FFE6C3008CA828 /* Debug */,
				9C8A511D29FFE6C3008CA828 /* Release */,
			);
			defaultConfigurationIsVisible = 0;
			defaultConfigurationName = Release;
		};
		9C8A511E29FFE6C3008CA828 /* Build configuration list for PBXNativeTarget "ComicsTests" */ = {
			isa = XCConfigurationList;
			buildConfigurations = (
				9C8A511F29FFE6C3008CA828 /* Debug */,
				9C8A512029FFE6C3008CA828 /* Release */,
			);
			defaultConfigurationIsVisible = 0;
			defaultConfigurationName = Release;
		};
		9C8A512129FFE6C3008CA828 /* Build configuration list for PBXNativeTarget "ComicsUITests" */ = {
			isa = XCConfigurationList;
			buildConfigurations = (
				9C8A512229FFE6C3008CA828 /* Debug */,
				9C8A512329FFE6C3008CA828 /* Release */,
			);
			defaultConfigurationIsVisible = 0;
			defaultConfigurationName = Release;
		};
/* End XCConfigurationList section */

/* Begin XCVersionGroup section */
		9C8A50FA29FFE6C0008CA828 /* Comics.xcdatamodeld */ = {
			isa = XCVersionGroup;
			children = (
				9C8A50FB29FFE6C0008CA828 /* Comics.xcdatamodel */,
			);
			currentVersion = 9C8A50FB29FFE6C0008CA828 /* Comics.xcdatamodel */;
			path = Comics.xcdatamodeld;
			sourceTree = "<group>";
			versionGroupType = wrapper.xcdatamodel;
		};
/* End XCVersionGroup section */
	};
	rootObject = 9C8A50E629FFE6C0008CA828 /* Project object */;
}
